
Microsoft Visual Studio Solution File, Format Version 12.00
# Visual Studio Version 17
VisualStudioVersion = 17.0.31903.59
MinimumVisualStudioVersion = 10.0.40219.1
Project("{FAE04EC0-301F-11D3-BF4B-00C04F79EFBC}") = "FinanceManager.Core", "FinanceManager.Core\FinanceManager.Core.csproj", "{263C48F3-4135-4165-AAE7-9B77B3793A26}"
EndProject
Project("{FAE04EC0-301F-11D3-BF4B-00C04F79EFBC}") = "FinanceManager.Infrastructure", "FinanceManager.Infrastructure\FinanceManager.Infrastructure.csproj", "{9F8DA2AD-C842-444F-A902-B20D87C50C9A}"
EndProject
Project("{FAE04EC0-301F-11D3-BF4B-00C04F79EFBC}") = "FinanceManager.API", "FinanceManager.API\FinanceManager.API.csproj", "{3B893D46-C9E2-4847-BA4D-8C4C779D4C62}"
EndProject
Global
	GlobalSection(SolutionConfigurationPlatforms) = preSolution
		Debug|Any CPU = Debug|Any CPU
		Release|Any CPU = Release|Any CPU
	EndGlobalSection
	GlobalSection(SolutionProperties) = preSolution
		HideSolutionNode = FALSE
	EndGlobalSection
	GlobalSection(ProjectConfigurationPlatforms) = postSolution
		{263C48F3-4135-4165-AAE7-9B77B3793A26}.Debug|Any CPU.ActiveCfg = Debug|Any CPU
		{263C48F3-4135-4165-AAE7-9B77B3793A26}.Debug|Any CPU.Build.0 = Debug|Any CPU
		{263C48F3-4135-4165-AAE7-9B77B3793A26}.Release|Any CPU.ActiveCfg = Release|Any CPU
		{263C48F3-4135-4165-AAE7-9B77B3793A26}.Release|Any CPU.Build.0 = Release|Any CPU
		{9F8DA2AD-C842-444F-A902-B20D87C50C9A}.Debug|Any CPU.ActiveCfg = Debug|Any CPU
		{9F8DA2AD-C842-444F-A902-B20D87C50C9A}.Debug|Any CPU.Build.0 = Debug|Any CPU
		{9F8DA2AD-C842-444F-A902-B20D87C50C9A}.Release|Any CPU.ActiveCfg = Release|Any CPU
		{9F8DA2AD-C842-444F-A902-B20D87C50C9A}.Release|Any CPU.Build.0 = Release|Any CPU
		{3B893D46-C9E2-4847-BA4D-8C4C779D4C62}.Debug|Any CPU.ActiveCfg = Debug|Any CPU
		{3B893D46-C9E2-4847-BA4D-8C4C779D4C62}.Debug|Any CPU.Build.0 = Debug|Any CPU
		{3B893D46-C9E2-4847-BA4D-8C4C779D4C62}.Release|Any CPU.ActiveCfg = Release|Any CPU
		{3B893D46-C9E2-4847-BA4D-8C4C779D4C62}.Release|Any CPU.Build.0 = Release|Any CPU
	EndGlobalSection
EndGlobal
